
Microsoft Visual Studio Solution File, Format Version 12.00
# Visual Studio Version 16
VisualStudioVersion = 16.0.30104.148
MinimumVisualStudioVersion = 10.0.40219.1
Project("{9A19103F-16F7-4668-BE54-9A1E7A4F7556}") = "WebApi2", "WebApi2\WebApi2.csproj", "{1DBE2C95-D1D5-4638-BE32-DE0CC54CFA1E}"
EndProject
Project("{9A19103F-16F7-4668-BE54-9A1E7A4F7556}") = "Web-Api CRUD ActionResult", "Web-Api CRUD ActionResult\Web-Api CRUD ActionResult.csproj", "{360DBA94-7CE1-48A1-8B2A-94DF02E6769D}"
EndProject
Project("{9A19103F-16F7-4668-BE54-9A1E7A4F7556}") = "Javascript and Web Api", "Javascript and Web Api\Javascript and Web Api.csproj", "{A892A49A-530A-4E0E-A9D2-90B149017BA8}"
EndProject
Project("{9A19103F-16F7-4668-BE54-9A1E7A4F7556}") = "WebApi With Entity Framework", "WebApi With Entity Framework\WebApi With Entity Framework.csproj", "{112ADAD1-43F6-4C08-AA58-FC4E66B98567}"
EndProject
Project("{9A19103F-16F7-4668-BE54-9A1E7A4F7556}") = "WebApi with identity", "WebApi with identity\WebApi with identity.csproj", "{33160053-1BFA-4747-9ECA-7AF4B3435F11}"
EndProject
Project("{FAE04EC0-301F-11D3-BF4B-00C04F79EFBC}") = "WebApI with Blazor", "WebApI with Blazor\WebApI with Blazor.csproj", "{32EF1A6F-9A7C-427E-89B3-46DC6973B1DF}"
EndProject
Project("{FAE04EC0-301F-11D3-BF4B-00C04F79EFBC}") = "Blazor", "Blazor\Blazor.csproj", "{1D1D71E9-E953-4A86-A9A7-A4B7CED1C253}"
EndProject
Global
	GlobalSection(SolutionConfigurationPlatforms) = preSolution
		Debug|Any CPU = Debug|Any CPU
		Release|Any CPU = Release|Any CPU
	EndGlobalSection
	GlobalSection(ProjectConfigurationPlatforms) = postSolution
		{1DBE2C95-D1D5-4638-BE32-DE0CC54CFA1E}.Debug|Any CPU.ActiveCfg = Debug|Any CPU
		{1DBE2C95-D1D5-4638-BE32-DE0CC54CFA1E}.Debug|Any CPU.Build.0 = Debug|Any CPU
		{1DBE2C95-D1D5-4638-BE32-DE0CC54CFA1E}.Release|Any CPU.ActiveCfg = Release|Any CPU
		{1DBE2C95-D1D5-4638-BE32-DE0CC54CFA1E}.Release|Any CPU.Build.0 = Release|Any CPU
		{360DBA94-7CE1-48A1-8B2A-94DF02E6769D}.Debug|Any CPU.ActiveCfg = Debug|Any CPU
		{360DBA94-7CE1-48A1-8B2A-94DF02E6769D}.Debug|Any CPU.Build.0 = Debug|Any CPU
		{360DBA94-7CE1-48A1-8B2A-94DF02E6769D}.Release|Any CPU.ActiveCfg = Release|Any CPU
		{360DBA94-7CE1-48A1-8B2A-94DF02E6769D}.Release|Any CPU.Build.0 = Release|Any CPU
		{A892A49A-530A-4E0E-A9D2-90B149017BA8}.Debug|Any CPU.ActiveCfg = Debug|Any CPU
		{A892A49A-530A-4E0E-A9D2-90B149017BA8}.Debug|Any CPU.Build.0 = Debug|Any CPU
		{A892A49A-530A-4E0E-A9D2-90B149017BA8}.Release|Any CPU.ActiveCfg = Release|Any CPU
		{A892A49A-530A-4E0E-A9D2-90B149017BA8}.Release|Any CPU.Build.0 = Release|Any CPU
		{112ADAD1-43F6-4C08-AA58-FC4E66B98567}.Debug|Any CPU.ActiveCfg = Debug|Any CPU
		{112ADAD1-43F6-4C08-AA58-FC4E66B98567}.Debug|Any CPU.Build.0 = Debug|Any CPU
		{112ADAD1-43F6-4C08-AA58-FC4E66B98567}.Release|Any CPU.ActiveCfg = Release|Any CPU
		{112ADAD1-43F6-4C08-AA58-FC4E66B98567}.Release|Any CPU.Build.0 = Release|Any CPU
		{33160053-1BFA-4747-9ECA-7AF4B3435F11}.Debug|Any CPU.ActiveCfg = Debug|Any CPU
		{33160053-1BFA-4747-9ECA-7AF4B3435F11}.Debug|Any CPU.Build.0 = Debug|Any CPU
		{33160053-1BFA-4747-9ECA-7AF4B3435F11}.Release|Any CPU.ActiveCfg = Release|Any CPU
		{33160053-1BFA-4747-9ECA-7AF4B3435F11}.Release|Any CPU.Build.0 = Release|Any CPU
		{32EF1A6F-9A7C-427E-89B3-46DC6973B1DF}.Debug|Any CPU.ActiveCfg = Debug|Any CPU
		{32EF1A6F-9A7C-427E-89B3-46DC6973B1DF}.Debug|Any CPU.Build.0 = Debug|Any CPU
		{32EF1A6F-9A7C-427E-89B3-46DC6973B1DF}.Release|Any CPU.ActiveCfg = Release|Any CPU
		{32EF1A6F-9A7C-427E-89B3-46DC6973B1DF}.Release|Any CPU.Build.0 = Release|Any CPU
		{1D1D71E9-E953-4A86-A9A7-A4B7CED1C253}.Debug|Any CPU.ActiveCfg = Debug|Any CPU
		{1D1D71E9-E953-4A86-A9A7-A4B7CED1C253}.Debug|Any CPU.Build.0 = Debug|Any CPU
		{1D1D71E9-E953-4A86-A9A7-A4B7CED1C253}.Release|Any CPU.ActiveCfg = Release|Any CPU
		{1D1D71E9-E953-4A86-A9A7-A4B7CED1C253}.Release|Any CPU.Build.0 = Release|Any CPU
	EndGlobalSection
	GlobalSection(SolutionProperties) = preSolution
		HideSolutionNode = FALSE
	EndGlobalSection
	GlobalSection(ExtensibilityGlobals) = postSolution
		SolutionGuid = {91855548-82D0-4A24-8CAC-ADFBEFB0647E}
	EndGlobalSection
EndGlobal
